// !$*UTF8*$!
{
	archiveVersion = 1;
	classes = {
	};
	objectVersion = 55;
	objects = {

/* Begin PBXBuildFile section */
		27148D9889F53477917147A5 /* Pods_finalProject.framework in Frameworks */ = {isa = PBXBuildFile; fileRef = 91E70741F72BFC911EAD8748 /* Pods_finalProject.framework */; };
		440103CC2912F9020095BD47 /* FilmCell.swift in Sources */ = {isa = PBXBuildFile; fileRef = 440103CA2912F9020095BD47 /* FilmCell.swift */; };
		440103CD2912F9020095BD47 /* FilmCell.xib in Resources */ = {isa = PBXBuildFile; fileRef = 440103CB2912F9020095BD47 /* FilmCell.xib */; };
		441EF8602950FB3100679C22 /* Trailers.swift in Sources */ = {isa = PBXBuildFile; fileRef = 441EF85F2950FB3100679C22 /* Trailers.swift */; };
		442D2A01294F7E1D00E4B53A /* GenreCollectionViewCell.xib in Resources */ = {isa = PBXBuildFile; fileRef = 442D2A00294F7E1D00E4B53A /* GenreCollectionViewCell.xib */; };
		44409745292F410A0019CC39 /* ViewController.swift in Sources */ = {isa = PBXBuildFile; fileRef = 44409744292F410A0019CC39 /* ViewController.swift */; };
		4441D4B6292211D800B34729 /* FilmViewController.swift in Sources */ = {isa = PBXBuildFile; fileRef = 4441D4B5292211D800B34729 /* FilmViewController.swift */; };
		44638D9E293FB0DC00121AE1 /* Authentication.swift in Sources */ = {isa = PBXBuildFile; fileRef = 44638D9D293FB0DC00121AE1 /* Authentication.swift */; };
		4479AF6A296495660051D573 /* NetworkManger.swift in Sources */ = {isa = PBXBuildFile; fileRef = 4479AF69296495660051D573 /* NetworkManger.swift */; };
		4479AF6D296495970051D573 /* ViewControllerViewModel.swift in Sources */ = {isa = PBXBuildFile; fileRef = 4479AF6C296495970051D573 /* ViewControllerViewModel.swift */; };
		4481F4C529411D5800FC4F41 /* WatchListViewController.swift in Sources */ = {isa = PBXBuildFile; fileRef = 4481F4C429411D5800FC4F41 /* WatchListViewController.swift */; };
		4481F4CB29411E1E00FC4F41 /* WatchListTableViewCell.swift in Sources */ = {isa = PBXBuildFile; fileRef = 4481F4C929411E1E00FC4F41 /* WatchListTableViewCell.swift */; };
		4481F4CC29411E1E00FC4F41 /* WatchListTableViewCell.xib in Resources */ = {isa = PBXBuildFile; fileRef = 4481F4CA29411E1E00FC4F41 /* WatchListTableViewCell.xib */; };
		4495F047294663A900E78B38 /* GenreCollectionViewCell.swift in Sources */ = {isa = PBXBuildFile; fileRef = 4495F045294663A900E78B38 /* GenreCollectionViewCell.swift */; };
		4497D52D2911ABC900FD5658 /* AppDelegate.swift in Sources */ = {isa = PBXBuildFile; fileRef = 4497D52C2911ABC900FD5658 /* AppDelegate.swift */; };
		4497D52F2911ABC900FD5658 /* SceneDelegate.swift in Sources */ = {isa = PBXBuildFile; fileRef = 4497D52E2911ABC900FD5658 /* SceneDelegate.swift */; };
		4497D5342911ABC900FD5658 /* Main.storyboard in Resources */ = {isa = PBXBuildFile; fileRef = 4497D5322911ABC900FD5658 /* Main.storyboard */; };
		4497D5362911ABCB00FD5658 /* Assets.xcassets in Resources */ = {isa = PBXBuildFile; fileRef = 4497D5352911ABCB00FD5658 /* Assets.xcassets */; };
		4497D5392911ABCB00FD5658 /* LaunchScreen.storyboard in Resources */ = {isa = PBXBuildFile; fileRef = 4497D5372911ABCB00FD5658 /* LaunchScreen.storyboard */; };
		4497D54A2911B74C00FD5658 /* Models.swift in Sources */ = {isa = PBXBuildFile; fileRef = 4497D5492911B74C00FD5658 /* Models.swift */; };
		4497D54D2911B93400FD5658 /* Podfile in Resources */ = {isa = PBXBuildFile; fileRef = 4497D54C2911B93400FD5658 /* Podfile */; };
		44AB492B294FC19800B53086 /* Genres.swift in Sources */ = {isa = PBXBuildFile; fileRef = 44AB492A294FC19800B53086 /* Genres.swift */; };
		44AD4C94293CDA4700BFAEEA /* AuthenticationViewController.swift in Sources */ = {isa = PBXBuildFile; fileRef = 44AD4C93293CDA4700BFAEEA /* AuthenticationViewController.swift */; };
		44B2E5282947A6CB00BE491E /* GenreViewController.swift in Sources */ = {isa = PBXBuildFile; fileRef = 44B2E5272947A6CB00BE491E /* GenreViewController.swift */; };
		44CA64842953B3C800F50AC6 /* SettingsViewController.swift in Sources */ = {isa = PBXBuildFile; fileRef = 44CA64832953B3C800F50AC6 /* SettingsViewController.swift */; };
		44D3DB07292D39B5001D20B8 /* CollectionReusableView.swift in Sources */ = {isa = PBXBuildFile; fileRef = 44D3DB05292D39B5001D20B8 /* CollectionReusableView.swift */; };
		44D3DB08292D39B5001D20B8 /* CollectionReusableView.xib in Resources */ = {isa = PBXBuildFile; fileRef = 44D3DB06292D39B5001D20B8 /* CollectionReusableView.xib */; };
		44DD3F942937B854005704D4 /* SearchViewController.swift in Sources */ = {isa = PBXBuildFile; fileRef = 44DD3F932937B854005704D4 /* SearchViewController.swift */; };
		44FEA7132965CAF000CF180C /* AuthenticationViewModel.swift in Sources */ = {isa = PBXBuildFile; fileRef = 44FEA7122965CAF000CF180C /* AuthenticationViewModel.swift */; };
/* End PBXBuildFile section */

/* Begin PBXFileReference section */
		02FA8707FF8C867594F34A4D /* Pods-finalProject.release.xcconfig */ = {isa = PBXFileReference; includeInIndex = 1; lastKnownFileType = text.xcconfig; name = "Pods-finalProject.release.xcconfig"; path = "Target Support Files/Pods-finalProject/Pods-finalProject.release.xcconfig"; sourceTree = "<group>"; };
		440103CA2912F9020095BD47 /* FilmCell.swift */ = {isa = PBXFileReference; lastKnownFileType = sourcecode.swift; path = FilmCell.swift; sourceTree = "<group>"; };
		440103CB2912F9020095BD47 /* FilmCell.xib */ = {isa = PBXFileReference; lastKnownFileType = file.xib; path = FilmCell.xib; sourceTree = "<group>"; };
		441EF85F2950FB3100679C22 /* Trailers.swift */ = {isa = PBXFileReference; lastKnownFileType = sourcecode.swift; path = Trailers.swift; sourceTree = "<group>"; };
		442D2A00294F7E1D00E4B53A /* GenreCollectionViewCell.xib */ = {isa = PBXFileReference; fileEncoding = 4; lastKnownFileType = file.xib; path = GenreCollectionViewCell.xib; sourceTree = "<group>"; };
		44409744292F410A0019CC39 /* ViewController.swift */ = {isa = PBXFileReference; fileEncoding = 4; lastKnownFileType = sourcecode.swift; path = ViewController.swift; sourceTree = "<group>"; };
		4441D4B5292211D800B34729 /* FilmViewController.swift */ = {isa = PBXFileReference; lastKnownFileType = sourcecode.swift; path = FilmViewController.swift; sourceTree = "<group>"; };
		44638D9D293FB0DC00121AE1 /* Authentication.swift */ = {isa = PBXFileReference; lastKnownFileType = sourcecode.swift; path = Authentication.swift; sourceTree = "<group>"; };
		4479AF69296495660051D573 /* NetworkManger.swift */ = {isa = PBXFileReference; lastKnownFileType = sourcecode.swift; path = NetworkManger.swift; sourceTree = "<group>"; };
		4479AF6C296495970051D573 /* ViewControllerViewModel.swift */ = {isa = PBXFileReference; lastKnownFileType = sourcecode.swift; path = ViewControllerViewModel.swift; sourceTree = "<group>"; };
		4481F4C429411D5800FC4F41 /* WatchListViewController.swift */ = {isa = PBXFileReference; lastKnownFileType = sourcecode.swift; path = WatchListViewController.swift; sourceTree = "<group>"; };
		4481F4C929411E1E00FC4F41 /* WatchListTableViewCell.swift */ = {isa = PBXFileReference; lastKnownFileType = sourcecode.swift; path = WatchListTableViewCell.swift; sourceTree = "<group>"; };
		4481F4CA29411E1E00FC4F41 /* WatchListTableViewCell.xib */ = {isa = PBXFileReference; lastKnownFileType = file.xib; path = WatchListTableViewCell.xib; sourceTree = "<group>"; };
		4495F045294663A900E78B38 /* GenreCollectionViewCell.swift */ = {isa = PBXFileReference; lastKnownFileType = sourcecode.swift; path = GenreCollectionViewCell.swift; sourceTree = "<group>"; };
		4497D5292911ABC900FD5658 /* finalProject.app */ = {isa = PBXFileReference; explicitFileType = wrapper.application; includeInIndex = 0; path = finalProject.app; sourceTree = BUILT_PRODUCTS_DIR; };
		4497D52C2911ABC900FD5658 /* AppDelegate.swift */ = {isa = PBXFileReference; lastKnownFileType = sourcecode.swift; path = AppDelegate.swift; sourceTree = "<group>"; };
		4497D52E2911ABC900FD5658 /* SceneDelegate.swift */ = {isa = PBXFileReference; lastKnownFileType = sourcecode.swift; path = SceneDelegate.swift; sourceTree = "<group>"; };
		4497D5332911ABC900FD5658 /* Base */ = {isa = PBXFileReference; lastKnownFileType = file.storyboard; name = Base; path = Base.lproj/Main.storyboard; sourceTree = "<group>"; };
		4497D5352911ABCB00FD5658 /* Assets.xcassets */ = {isa = PBXFileReference; lastKnownFileType = folder.assetcatalog; path = Assets.xcassets; sourceTree = "<group>"; };
		4497D5382911ABCB00FD5658 /* Base */ = {isa = PBXFileReference; lastKnownFileType = file.storyboard; name = Base; path = Base.lproj/LaunchScreen.storyboard; sourceTree = "<group>"; };
		4497D53A2911ABCB00FD5658 /* Info.plist */ = {isa = PBXFileReference; lastKnownFileType = text.plist.xml; path = Info.plist; sourceTree = "<group>"; };
		4497D5492911B74C00FD5658 /* Models.swift */ = {isa = PBXFileReference; lastKnownFileType = sourcecode.swift; path = Models.swift; sourceTree = "<group>"; };
		4497D54C2911B93400FD5658 /* Podfile */ = {isa = PBXFileReference; fileEncoding = 4; lastKnownFileType = text; path = Podfile; sourceTree = SOURCE_ROOT; xcLanguageSpecificationIdentifier = xcode.lang.ruby; };
		44AB492A294FC19800B53086 /* Genres.swift */ = {isa = PBXFileReference; lastKnownFileType = sourcecode.swift; path = Genres.swift; sourceTree = "<group>"; };
		44AD4C93293CDA4700BFAEEA /* AuthenticationViewController.swift */ = {isa = PBXFileReference; lastKnownFileType = sourcecode.swift; path = AuthenticationViewController.swift; sourceTree = "<group>"; };
		44B2E5272947A6CB00BE491E /* GenreViewController.swift */ = {isa = PBXFileReference; lastKnownFileType = sourcecode.swift; path = GenreViewController.swift; sourceTree = "<group>"; };
		44CA64832953B3C800F50AC6 /* SettingsViewController.swift */ = {isa = PBXFileReference; lastKnownFileType = sourcecode.swift; path = SettingsViewController.swift; sourceTree = "<group>"; };
		44D3DB05292D39B5001D20B8 /* CollectionReusableView.swift */ = {isa = PBXFileReference; lastKnownFileType = sourcecode.swift; path = CollectionReusableView.swift; sourceTree = "<group>"; };
		44D3DB06292D39B5001D20B8 /* CollectionReusableView.xib */ = {isa = PBXFileReference; lastKnownFileType = file.xib; path = CollectionReusableView.xib; sourceTree = "<group>"; };
		44DD3F932937B854005704D4 /* SearchViewController.swift */ = {isa = PBXFileReference; lastKnownFileType = sourcecode.swift; path = SearchViewController.swift; sourceTree = "<group>"; };
		44FEA7122965CAF000CF180C /* AuthenticationViewModel.swift */ = {isa = PBXFileReference; lastKnownFileType = sourcecode.swift; path = AuthenticationViewModel.swift; sourceTree = "<group>"; };
		91E70741F72BFC911EAD8748 /* Pods_finalProject.framework */ = {isa = PBXFileReference; explicitFileType = wrapper.framework; includeInIndex = 0; path = Pods_finalProject.framework; sourceTree = BUILT_PRODUCTS_DIR; };
		ACC8E70AA35D7427382CD4B5 /* Pods-finalProject.debug.xcconfig */ = {isa = PBXFileReference; includeInIndex = 1; lastKnownFileType = text.xcconfig; name = "Pods-finalProject.debug.xcconfig"; path = "Target Support Files/Pods-finalProject/Pods-finalProject.debug.xcconfig"; sourceTree = "<group>"; };
/* End PBXFileReference section */

/* Begin PBXFrameworksBuildPhase section */
		4497D5262911ABC900FD5658 /* Frameworks */ = {
			isa = PBXFrameworksBuildPhase;
			buildActionMask = 2147483647;
			files = (
				27148D9889F53477917147A5 /* Pods_finalProject.framework in Frameworks */,
			);
			runOnlyForDeploymentPostprocessing = 0;
		};
/* End PBXFrameworksBuildPhase section */

/* Begin PBXGroup section */
		4441D4B42922106800B34729 /* FilmCell */ = {
			isa = PBXGroup;
			children = (
				440103CB2912F9020095BD47 /* FilmCell.xib */,
				440103CA2912F9020095BD47 /* FilmCell.swift */,
			);
			path = FilmCell;
			sourceTree = "<group>";
		};
		4479AF682964954B0051D573 /* NetworkManager */ = {
			isa = PBXGroup;
			children = (
				4479AF69296495660051D573 /* NetworkManger.swift */,
			);
			path = NetworkManager;
			sourceTree = "<group>";
		};
		4479AF6B2964956B0051D573 /* ViewModel */ = {
			isa = PBXGroup;
			children = (
				4479AF6C296495970051D573 /* ViewControllerViewModel.swift */,
				44FEA7122965CAF000CF180C /* AuthenticationViewModel.swift */,
			);
			path = ViewModel;
			sourceTree = "<group>";
		};
		4481F4C629411DD800FC4F41 /* WatchListCell */ = {
			isa = PBXGroup;
			children = (
				4481F4C929411E1E00FC4F41 /* WatchListTableViewCell.swift */,
				4481F4CA29411E1E00FC4F41 /* WatchListTableViewCell.xib */,
			);
			path = WatchListCell;
			sourceTree = "<group>";
		};
		4495F0442946638000E78B38 /* GenreCell */ = {
			isa = PBXGroup;
			children = (
				442D2A00294F7E1D00E4B53A /* GenreCollectionViewCell.xib */,
				4495F045294663A900E78B38 /* GenreCollectionViewCell.swift */,
			);
			path = GenreCell;
			sourceTree = "<group>";
		};
		4497D5202911ABC900FD5658 = {
			isa = PBXGroup;
			children = (
				4497D52B2911ABC900FD5658 /* finalProject */,
				4497D52A2911ABC900FD5658 /* Products */,
				55427A444CE2BD2E8EFA011E /* Pods */,
				610791C811BC554A970627C5 /* Frameworks */,
			);
			sourceTree = "<group>";
		};
		4497D52A2911ABC900FD5658 /* Products */ = {
			isa = PBXGroup;
			children = (
				4497D5292911ABC900FD5658 /* finalProject.app */,
			);
			name = Products;
			sourceTree = "<group>";
		};
		4497D52B2911ABC900FD5658 /* finalProject */ = {
			isa = PBXGroup;
			children = (
				4479AF6B2964956B0051D573 /* ViewModel */,
				4479AF682964954B0051D573 /* NetworkManager */,
				44B2E52A2947A8B200BE491E /* Cells */,
				44AD4C92293CD9CD00BFAEEA /* ViewControllers */,
				4497D5432911ACFE00FD5658 /* Models */,
				4497D52C2911ABC900FD5658 /* AppDelegate.swift */,
				4497D52E2911ABC900FD5658 /* SceneDelegate.swift */,
				44D3DB05292D39B5001D20B8 /* CollectionReusableView.swift */,
				44D3DB06292D39B5001D20B8 /* CollectionReusableView.xib */,
				4497D5322911ABC900FD5658 /* Main.storyboard */,
				4497D5372911ABCB00FD5658 /* LaunchScreen.storyboard */,
				4497D53A2911ABCB00FD5658 /* Info.plist */,
				4497D54C2911B93400FD5658 /* Podfile */,
				4497D5352911ABCB00FD5658 /* Assets.xcassets */,
			);
			path = finalProject;
			sourceTree = "<group>";
		};
		4497D5432911ACFE00FD5658 /* Models */ = {
			isa = PBXGroup;
			children = (
				4497D5492911B74C00FD5658 /* Models.swift */,
				44638D9D293FB0DC00121AE1 /* Authentication.swift */,
				44AB492A294FC19800B53086 /* Genres.swift */,
				441EF85F2950FB3100679C22 /* Trailers.swift */,
			);
			path = Models;
			sourceTree = "<group>";
		};
		44AD4C92293CD9CD00BFAEEA /* ViewControllers */ = {
			isa = PBXGroup;
			children = (
				44409744292F410A0019CC39 /* ViewController.swift */,
				44DD3F932937B854005704D4 /* SearchViewController.swift */,
				4441D4B5292211D800B34729 /* FilmViewController.swift */,
				44AD4C93293CDA4700BFAEEA /* AuthenticationViewController.swift */,
				4481F4C429411D5800FC4F41 /* WatchListViewController.swift */,
				44B2E5272947A6CB00BE491E /* GenreViewController.swift */,
				44CA64832953B3C800F50AC6 /* SettingsViewController.swift */,
			);
			path = ViewControllers;
			sourceTree = "<group>";
		};
		44B2E52A2947A8B200BE491E /* Cells */ = {
			isa = PBXGroup;
			children = (
				4441D4B42922106800B34729 /* FilmCell */,
				4481F4C629411DD800FC4F41 /* WatchListCell */,
				4495F0442946638000E78B38 /* GenreCell */,
			);
			path = Cells;
			sourceTree = "<group>";
		};
		55427A444CE2BD2E8EFA011E /* Pods */ = {
			isa = PBXGroup;
			children = (
				ACC8E70AA35D7427382CD4B5 /* Pods-finalProject.debug.xcconfig */,
				02FA8707FF8C867594F34A4D /* Pods-finalProject.release.xcconfig */,
			);
			path = Pods;
			sourceTree = "<group>";
		};
		610791C811BC554A970627C5 /* Frameworks */ = {
			isa = PBXGroup;
			children = (
				91E70741F72BFC911EAD8748 /* Pods_finalProject.framework */,
			);
			name = Frameworks;
			sourceTree = "<group>";
		};
/* End PBXGroup section */

/* Begin PBXNativeTarget section */
		4497D5282911ABC900FD5658 /* finalProject */ = {
			isa = PBXNativeTarget;
			buildConfigurationList = 4497D53D2911ABCB00FD5658 /* Build configuration list for PBXNativeTarget "finalProject" */;
			buildPhases = (
				17B35D0E60A9BBB85A8BF1A3 /* [CP] Check Pods Manifest.lock */,
				4497D5252911ABC900FD5658 /* Sources */,
				4497D5262911ABC900FD5658 /* Frameworks */,
				4497D5272911ABC900FD5658 /* Resources */,
				32593BA49605FA01ED10E341 /* [CP] Embed Pods Frameworks */,
			);
			buildRules = (
			);
			dependencies = (
			);
			name = finalProject;
			productName = finalProject;
			productReference = 4497D5292911ABC900FD5658 /* finalProject.app */;
			productType = "com.apple.product-type.application";
		};
/* End PBXNativeTarget section */

/* Begin PBXProject section */
		4497D5212911ABC900FD5658 /* Project object */ = {
			isa = PBXProject;
			attributes = {
				BuildIndependentTargetsInParallel = 1;
				LastSwiftUpdateCheck = 1340;
				LastUpgradeCheck = 1340;
				TargetAttributes = {
					4497D5282911ABC900FD5658 = {
						CreatedOnToolsVersion = 13.4.1;
					};
				};
			};
			buildConfigurationList = 4497D5242911ABC900FD5658 /* Build configuration list for PBXProject "finalProject" */;
			compatibilityVersion = "Xcode 13.0";
			developmentRegion = en;
			hasScannedForEncodings = 0;
			knownRegions = (
				en,
				Base,
			);
			mainGroup = 4497D5202911ABC900FD5658;
			productRefGroup = 4497D52A2911ABC900FD5658 /* Products */;
			projectDirPath = "";
			projectRoot = "";
			targets = (
				4497D5282911ABC900FD5658 /* finalProject */,
			);
		};
/* End PBXProject section */

/* Begin PBXResourcesBuildPhase section */
		4497D5272911ABC900FD5658 /* Resources */ = {
			isa = PBXResourcesBuildPhase;
			buildActionMask = 2147483647;
			files = (
				4481F4CC29411E1E00FC4F41 /* WatchListTableViewCell.xib in Resources */,
				440103CD2912F9020095BD47 /* FilmCell.xib in Resources */,
				44D3DB08292D39B5001D20B8 /* CollectionReusableView.xib in Resources */,
				4497D5392911ABCB00FD5658 /* LaunchScreen.storyboard in Resources */,
				442D2A01294F7E1D00E4B53A /* GenreCollectionViewCell.xib in Resources */,
				4497D5362911ABCB00FD5658 /* Assets.xcassets in Resources */,
				4497D54D2911B93400FD5658 /* Podfile in Resources */,
				4497D5342911ABC900FD5658 /* Main.storyboard in Resources */,
			);
			runOnlyForDeploymentPostprocessing = 0;
		};
/* End PBXResourcesBuildPhase section */

/* Begin PBXShellScriptBuildPhase section */
		17B35D0E60A9BBB85A8BF1A3 /* [CP] Check Pods Manifest.lock */ = {
			isa = PBXShellScriptBuildPhase;
			buildActionMask = 2147483647;
			files = (
			);
			inputFileListPaths = (
			);
			inputPaths = (
				"${PODS_PODFILE_DIR_PATH}/Podfile.lock",
				"${PODS_ROOT}/Manifest.lock",
			);
			name = "[CP] Check Pods Manifest.lock";
			outputFileListPaths = (
			);
			outputPaths = (
				"$(DERIVED_FILE_DIR)/Pods-finalProject-checkManifestLockResult.txt",
			);
			runOnlyForDeploymentPostprocessing = 0;
			shellPath = /bin/sh;
			shellScript = "diff \"${PODS_PODFILE_DIR_PATH}/Podfile.lock\" \"${PODS_ROOT}/Manifest.lock\" > /dev/null\nif [ $? != 0 ] ; then\n    # print error to STDERR\n    echo \"error: The sandbox is not in sync with the Podfile.lock. Run 'pod install' or update your CocoaPods installation.\" >&2\n    exit 1\nfi\n# This output is used by Xcode 'outputs' to avoid re-running this script phase.\necho \"SUCCESS\" > \"${SCRIPT_OUTPUT_FILE_0}\"\n";
			showEnvVarsInLog = 0;
		};
		32593BA49605FA01ED10E341 /* [CP] Embed Pods Frameworks */ = {
			isa = PBXShellScriptBuildPhase;
			buildActionMask = 2147483647;
			files = (
			);
			inputFileListPaths = (
				"${PODS_ROOT}/Target Support Files/Pods-finalProject/Pods-finalProject-frameworks-${CONFIGURATION}-input-files.xcfilelist",
			);
			name = "[CP] Embed Pods Frameworks";
			outputFileListPaths = (
				"${PODS_ROOT}/Target Support Files/Pods-finalProject/Pods-finalProject-frameworks-${CONFIGURATION}-output-files.xcfilelist",
			);
			runOnlyForDeploymentPostprocessing = 0;
			shellPath = /bin/sh;
			shellScript = "\"${PODS_ROOT}/Target Support Files/Pods-finalProject/Pods-finalProject-frameworks.sh\"\n";
			showEnvVarsInLog = 0;
		};
/* End PBXShellScriptBuildPhase section */

/* Begin PBXSourcesBuildPhase section */
		4497D5252911ABC900FD5658 /* Sources */ = {
			isa = PBXSourcesBuildPhase;
			buildActionMask = 2147483647;
			files = (
				44B2E5282947A6CB00BE491E /* GenreViewController.swift in Sources */,
				44D3DB07292D39B5001D20B8 /* CollectionReusableView.swift in Sources */,
				44638D9E293FB0DC00121AE1 /* Authentication.swift in Sources */,
				4497D52D2911ABC900FD5658 /* AppDelegate.swift in Sources */,
				44DD3F942937B854005704D4 /* SearchViewController.swift in Sources */,
				4497D52F2911ABC900FD5658 /* SceneDelegate.swift in Sources */,
				4479AF6A296495660051D573 /* NetworkManger.swift in Sources */,
				4479AF6D296495970051D573 /* ViewControllerViewModel.swift in Sources */,
				44AB492B294FC19800B53086 /* Genres.swift in Sources */,
				4481F4C529411D5800FC4F41 /* WatchListViewController.swift in Sources */,
				44AD4C94293CDA4700BFAEEA /* AuthenticationViewController.swift in Sources */,
				4497D54A2911B74C00FD5658 /* Models.swift in Sources */,
				44409745292F410A0019CC39 /* ViewController.swift in Sources */,
				4481F4CB29411E1E00FC4F41 /* WatchListTableViewCell.swift in Sources */,
				44CA64842953B3C800F50AC6 /* SettingsViewController.swift in Sources */,
				4441D4B6292211D800B34729 /* FilmViewController.swift in Sources */,
				44FEA7132965CAF000CF180C /* AuthenticationViewModel.swift in Sources */,
				4495F047294663A900E78B38 /* GenreCollectionViewCell.swift in Sources */,
				440103CC2912F9020095BD47 /* FilmCell.swift in Sources */,
				441EF8602950FB3100679C22 /* Trailers.swift in Sources */,
			);
			runOnlyForDeploymentPostprocessing = 0;
		};
/* End PBXSourcesBuildPhase section */

/* Begin PBXVariantGroup section */
		4497D5322911ABC900FD5658 /* Main.storyboard */ = {
			isa = PBXVariantGroup;
			children = (
				4497D5332911ABC900FD5658 /* Base */,
			);
			name = Main.storyboard;
			sourceTree = "<group>";
		};
		4497D5372911ABCB00FD5658 /* LaunchScreen.storyboard */ = {
			isa = PBXVariantGroup;
			children = (
				4497D5382911ABCB00FD5658 /* Base */,
			);
			name = LaunchScreen.storyboard;
			sourceTree = "<group>";
		};
/* End PBXVariantGroup section */

/* Begin XCBuildConfiguration section */
		4497D53B2911ABCB00FD5658 /* Debug */ = {
			isa = XCBuildConfiguration;
			buildSettings = {
				ALWAYS_SEARCH_USER_PATHS = NO;
				CLANG_ANALYZER_NONNULL = YES;
				CLANG_ANALYZER_NUMBER_OBJECT_CONVERSION = YES_AGGRESSIVE;
				CLANG_CXX_LANGUAGE_STANDARD = "gnu++17";
				CLANG_ENABLE_MODULES = YES;
				CLANG_ENABLE_OBJC_ARC = YES;
				CLANG_ENABLE_OBJC_WEAK = YES;
				CLANG_WARN_BLOCK_CAPTURE_AUTORELEASING = YES;
				CLANG_WARN_BOOL_CONVERSION = YES;
				CLANG_WARN_COMMA = YES;
				CLANG_WARN_CONSTANT_CONVERSION = YES;
				CLANG_WARN_DEPRECATED_OBJC_IMPLEMENTATIONS = YES;
				CLANG_WARN_DIRECT_OBJC_ISA_USAGE = YES_ERROR;
				CLANG_WARN_DOCUMENTATION_COMMENTS = YES;
				CLANG_WARN_EMPTY_BODY = YES;
				CLANG_WARN_ENUM_CONVERSION = YES;
				CLANG_WARN_INFINITE_RECURSION = YES;
				CLANG_WARN_INT_CONVERSION = YES;
				CLANG_WARN_NON_LITERAL_NULL_CONVERSION = YES;
				CLANG_WARN_OBJC_IMPLICIT_RETAIN_SELF = YES;
				CLANG_WARN_OBJC_LITERAL_CONVERSION = YES;
				CLANG_WARN_OBJC_ROOT_CLASS = YES_ERROR;
				CLANG_WARN_QUOTED_INCLUDE_IN_FRAMEWORK_HEADER = YES;
				CLANG_WARN_RANGE_LOOP_ANALYSIS = YES;
				CLANG_WARN_STRICT_PROTOTYPES = YES;
				CLANG_WARN_SUSPICIOUS_MOVE = YES;
				CLANG_WARN_UNGUARDED_AVAILABILITY = YES_AGGRESSIVE;
				CLANG_WARN_UNREACHABLE_CODE = YES;
				CLANG_WARN__DUPLICATE_METHOD_MATCH = YES;
				COPY_PHASE_STRIP = NO;
				DEBUG_INFORMATION_FORMAT = dwarf;
				ENABLE_STRICT_OBJC_MSGSEND = YES;
				ENABLE_TESTABILITY = YES;
				GCC_C_LANGUAGE_STANDARD = gnu11;
				GCC_DYNAMIC_NO_PIC = NO;
				GCC_NO_COMMON_BLOCKS = YES;
				GCC_OPTIMIZATION_LEVEL = 0;
				GCC_PREPROCESSOR_DEFINITIONS = (
					"DEBUG=1",
					"$(inherited)",
				);
				GCC_WARN_64_TO_32_BIT_CONVERSION = YES;
				GCC_WARN_ABOUT_RETURN_TYPE = YES_ERROR;
				GCC_WARN_UNDECLARED_SELECTOR = YES;
				GCC_WARN_UNINITIALIZED_AUTOS = YES_AGGRESSIVE;
				GCC_WARN_UNUSED_FUNCTION = YES;
				GCC_WARN_UNUSED_VARIABLE = YES;
				IPHONEOS_DEPLOYMENT_TARGET = 15.5;
				MTL_ENABLE_DEBUG_INFO = INCLUDE_SOURCE;
				MTL_FAST_MATH = YES;
				ONLY_ACTIVE_ARCH = YES;
				SDKROOT = iphoneos;
				SWIFT_ACTIVE_COMPILATION_CONDITIONS = DEBUG;
				SWIFT_OPTIMIZATION_LEVEL = "-Onone";
			};
			name = Debug;
		};
		4497D53C2911ABCB00FD5658 /* Release */ = {
			isa = XCBuildConfiguration;
			buildSettings = {
				ALWAYS_SEARCH_USER_PATHS = NO;
				CLANG_ANALYZER_NONNULL = YES;
				CLANG_ANALYZER_NUMBER_OBJECT_CONVERSION = YES_AGGRESSIVE;
				CLANG_CXX_LANGUAGE_STANDARD = "gnu++17";
				CLANG_ENABLE_MODULES = YES;
				CLANG_ENABLE_OBJC_ARC = YES;
				CLANG_ENABLE_OBJC_WEAK = YES;
				CLANG_WARN_BLOCK_CAPTURE_AUTORELEASING = YES;
				CLANG_WARN_BOOL_CONVERSION = YES;
				CLANG_WARN_COMMA = YES;
				CLANG_WARN_CONSTANT_CONVERSION = YES;
				CLANG_WARN_DEPRECATED_OBJC_IMPLEMENTATIONS = YES;
				CLANG_WARN_DIRECT_OBJC_ISA_USAGE = YES_ERROR;
				CLANG_WARN_DOCUMENTATION_COMMENTS = YES;
				CLANG_WARN_EMPTY_BODY = YES;
				CLANG_WARN_ENUM_CONVERSION = YES;
				CLANG_WARN_INFINITE_RECURSION = YES;
				CLANG_WARN_INT_CONVERSION = YES;
				CLANG_WARN_NON_LITERAL_NULL_CONVERSION = YES;
				CLANG_WARN_OBJC_IMPLICIT_RETAIN_SELF = YES;
				CLANG_WARN_OBJC_LITERAL_CONVERSION = YES;
				CLANG_WARN_OBJC_ROOT_CLASS = YES_ERROR;
				CLANG_WARN_QUOTED_INCLUDE_IN_FRAMEWORK_HEADER = YES;
				CLANG_WARN_RANGE_LOOP_ANALYSIS = YES;
				CLANG_WARN_STRICT_PROTOTYPES = YES;
				CLANG_WARN_SUSPICIOUS_MOVE = YES;
				CLANG_WARN_UNGUARDED_AVAILABILITY = YES_AGGRESSIVE;
				CLANG_WARN_UNREACHABLE_CODE = YES;
				CLANG_WARN__DUPLICATE_METHOD_MATCH = YES;
				COPY_PHASE_STRIP = NO;
				DEBUG_INFORMATION_FORMAT = "dwarf-with-dsym";
				ENABLE_NS_ASSERTIONS = NO;
				ENABLE_STRICT_OBJC_MSGSEND = YES;
				GCC_C_LANGUAGE_STANDARD = gnu11;
				GCC_NO_COMMON_BLOCKS = YES;
				GCC_WARN_64_TO_32_BIT_CONVERSION = YES;
				GCC_WARN_ABOUT_RETURN_TYPE = YES_ERROR;
				GCC_WARN_UNDECLARED_SELECTOR = YES;
				GCC_WARN_UNINITIALIZED_AUTOS = YES_AGGRESSIVE;
				GCC_WARN_UNUSED_FUNCTION = YES;
				GCC_WARN_UNUSED_VARIABLE = YES;
				IPHONEOS_DEPLOYMENT_TARGET = 15.5;
				MTL_ENABLE_DEBUG_INFO = NO;
				MTL_FAST_MATH = YES;
				SDKROOT = iphoneos;
				SWIFT_COMPILATION_MODE = wholemodule;
				SWIFT_OPTIMIZATION_LEVEL = "-O";
				VALIDATE_PRODUCT = YES;
			};
			name = Release;
		};
		4497D53E2911ABCB00FD5658 /* Debug */ = {
			isa = XCBuildConfiguration;
			baseConfigurationReference = ACC8E70AA35D7427382CD4B5 /* Pods-finalProject.debug.xcconfig */;
			buildSettings = {
				ASSETCATALOG_COMPILER_APPICON_NAME = AppIcon;
				ASSETCATALOG_COMPILER_GLOBAL_ACCENT_COLOR_NAME = AccentColor;
				CODE_SIGN_STYLE = Automatic;
				CURRENT_PROJECT_VERSION = 1;
				DEVELOPMENT_TEAM = FM4L546M2P;
				GENERATE_INFOPLIST_FILE = YES;
				INFOPLIST_FILE = finalProject/Info.plist;
				INFOPLIST_KEY_UIApplicationSupportsIndirectInputEvents = YES;
				INFOPLIST_KEY_UILaunchStoryboardName = LaunchScreen;
				INFOPLIST_KEY_UIMainStoryboardFile = Main;
				INFOPLIST_KEY_UISupportedInterfaceOrientations_iPad = "UIInterfaceOrientationPortrait UIInterfaceOrientationPortraitUpsideDown UIInterfaceOrientationLandscapeLeft UIInterfaceOrientationLandscapeRight";
				INFOPLIST_KEY_UISupportedInterfaceOrientations_iPhone = "UIInterfaceOrientationPortrait UIInterfaceOrientationLandscapeLeft UIInterfaceOrientationLandscapeRight";
				IPHONEOS_DEPLOYMENT_TARGET = 16.2;
				LD_RUNPATH_SEARCH_PATHS = (
					"$(inherited)",
					"@executable_path/Frameworks",
				);
				MARKETING_VERSION = 1.0;
				PRODUCT_BUNDLE_IDENTIFIER = evseev.finalProject;
				PRODUCT_NAME = "$(TARGET_NAME)";
				SWIFT_EMIT_LOC_STRINGS = YES;
				SWIFT_VERSION = 5.0;
				TARGETED_DEVICE_FAMILY = "1,2";
			};
			name = Debug;
		};
		4497D53F2911ABCB00FD5658 /* Release */ = {
			isa = XCBuildConfiguration;
			baseConfigurationReference = 02FA8707FF8C867594F34A4D /* Pods-finalProject.release.xcconfig */;
			buildSettings = {
				ASSETCATALOG_COMPILER_APPICON_NAME = AppIcon;
				ASSETCATALOG_COMPILER_GLOBAL_ACCENT_COLOR_NAME = AccentColor;
				CODE_SIGN_STYLE = Automatic;
				CURRENT_PROJECT_VERSION = 1;
				DEVELOPMENT_TEAM = FM4L546M2P;
				GENERATE_INFOPLIST_FILE = YES;
				INFOPLIST_FILE = finalProject/Info.plist;
				INFOPLIST_KEY_UIApplicationSupportsIndirectInputEvents = YES;
				INFOPLIST_KEY_UILaunchStoryboardName = LaunchScreen;
				INFOPLIST_KEY_UIMainStoryboardFile = Main;
				INFOPLIST_KEY_UISupportedInterfaceOrientations_iPad = "UIInterfaceOrientationPortrait UIInterfaceOrientationPortraitUpsideDown UIInterfaceOrientationLandscapeLeft UIInterfaceOrientationLandscapeRight";
				INFOPLIST_KEY_UISupportedInterfaceOrientations_iPhone = "UIInterfaceOrientationPortrait UIInterfaceOrientationLandscapeLeft UIInterfaceOrientationLandscapeRight";
				IPHONEOS_DEPLOYMENT_TARGET = 16.2;
				LD_RUNPATH_SEARCH_PATHS = (
					"$(inherited)",
					"@executable_path/Frameworks",
				);
				MARKETING_VERSION = 1.0;
				PRODUCT_BUNDLE_IDENTIFIER = evseev.finalProject;
				PRODUCT_NAME = "$(TARGET_NAME)";
				SWIFT_EMIT_LOC_STRINGS = YES;
				SWIFT_VERSION = 5.0;
				TARGETED_DEVICE_FAMILY = "1,2";
			};
			name = Release;
		};
/* End XCBuildConfiguration section */

/* Begin XCConfigurationList section */
		4497D5242911ABC900FD5658 /* Build configuration list for PBXProject "finalProject" */ = {
			isa = XCConfigurationList;
			buildConfigurations = (
				4497D53B2911ABCB00FD5658 /* Debug */,
				4497D53C2911ABCB00FD5658 /* Release */,
			);
			defaultConfigurationIsVisible = 0;
			defaultConfigurationName = Release;
		};
		4497D53D2911ABCB00FD5658 /* Build configuration list for PBXNativeTarget "finalProject" */ = {
			isa = XCConfigurationList;
			buildConfigurations = (
				4497D53E2911ABCB00FD5658 /* Debug */,
				4497D53F2911ABCB00FD5658 /* Release */,
			);
			defaultConfigurationIsVisible = 0;
			defaultConfigurationName = Release;
		};
/* End XCConfigurationList section */
	};
	rootObject = 4497D5212911ABC900FD5658 /* Project object */;
}
